
Microsoft Visual Studio Solution File, Format Version 10.00
# Visual Studio 2008
Project("{D2ABAB84-BF74-430A-B69E-9DC6D40DDA17}") = "test", "test\test.dwproj", "{942DCD1C-0906-423C-B006-5BF87C2855D2}"
EndProject
Global
	GlobalSection(SolutionConfigurationPlatforms) = preSolution
		Development|Default = Development|Default
	EndGlobalSection
	GlobalSection(ProjectConfigurationPlatforms) = postSolution
		{942DCD1C-0906-423C-B006-5BF87C2855D2}.Development|Default.ActiveCfg = Development
		{942DCD1C-0906-423C-B006-5BF87C2855D2}.Development|Default.Build.0 = Development
		{942DCD1C-0906-423C-B006-5BF87C2855D2}.Development|Default.Deploy.0 = Development
	EndGlobalSection
	GlobalSection(SolutionProperties) = preSolution
		HideSolutionNode = FALSE
	EndGlobalSection
EndGlobal
